{
  "name": "test-lib",
  "version": "1.0.0",
  "lockfileVersion": 2,
  "requires": true,
  "type": "module",
  "packages": {
    "": {
      "name": "test-lib",
      "version": "1.0.0",
      "license": "ISC",
      "dependencies": {
        "test-lib": "file:test-lib-1.0.0.tgz"
      }
    },
    "node_modules/test-lib": {
      "version": "1.0.0",
      "resolved": "file:test-lib-1.0.0.tgz",
      "integrity": "sha512-f8daBFBjtASRNeRZ184JE67lUwjL6aHGgxIz9bZenKTud73h7eAgoueCG+18NbD+/FYgLwIFw2ivqzrZoffZ6g==",
      "license": "ISC"
    }
  },
  "dependencies": {
    "test-lib": {
      "version": "file:test-lib-1.0.0.tgz",
      "integrity": "sha512-f8daBFBjtASRNeRZ184JE67lUwjL6aHGgxIz9bZenKTud73h7eAgoueCG+18NbD+/FYgLwIFw2ivqzrZoffZ6g=="
    }
  }
}
